
Microsoft Visual Studio Solution File, Format Version 12.00
# Visual Studio 14
VisualStudioVersion = 14.0.25420.1
MinimumVisualStudioVersion = 10.0.40219.1
Project("{2150E333-8FDC-42A3-9474-1A3956D46DE8}") = "src", "src", "{C0E1CCBB-4743-40D9-BBEE-CE135ADF7D93}"
EndProject
Project("{2150E333-8FDC-42A3-9474-1A3956D46DE8}") = "Solution Items", "Solution Items", "{EDD08441-8147-496B-AED1-13082832550F}"
	ProjectSection(SolutionItems) = preProject
		global.json = global.json
	EndProjectSection
EndProject
Project("{8BB2217D-0F2D-49D1-97BC-3654ED321F3B}") = "AjaxDemo", "src\AjaxDemo\AjaxDemo.xproj", "{D2E08B3C-010F-473E-83E3-62AAB4862291}"
EndProject
Global
	GlobalSection(SolutionConfigurationPlatforms) = preSolution
		Debug|Any CPU = Debug|Any CPU
		Release|Any CPU = Release|Any CPU
	EndGlobalSection
	GlobalSection(ProjectConfigurationPlatforms) = postSolution
		{D2E08B3C-010F-473E-83E3-62AAB4862291}.Debug|Any CPU.ActiveCfg = Debug|Any CPU
		{D2E08B3C-010F-473E-83E3-62AAB4862291}.Debug|Any CPU.Build.0 = Debug|Any CPU
		{D2E08B3C-010F-473E-83E3-62AAB4862291}.Release|Any CPU.ActiveCfg = Release|Any CPU
		{D2E08B3C-010F-473E-83E3-62AAB4862291}.Release|Any CPU.Build.0 = Release|Any CPU
	EndGlobalSection
	GlobalSection(SolutionProperties) = preSolution
		HideSolutionNode = FALSE
	EndGlobalSection
	GlobalSection(NestedProjects) = preSolution
		{D2E08B3C-010F-473E-83E3-62AAB4862291} = {C0E1CCBB-4743-40D9-BBEE-CE135ADF7D93}
	EndGlobalSection
EndGlobal
